
Microsoft Visual Studio Solution File, Format Version 12.00
# Visual Studio Version 17
VisualStudioVersion = 17.11.35303.130
MinimumVisualStudioVersion = 10.0.40219.1
Project("{FAE04EC0-301F-11D3-BF4B-00C04F79EFBC}") = "Exam", "Exam\Exam.csproj", "{77F730F9-BD3D-4D81-90FA-0972D59D3829}"
EndProject
Global
	GlobalSection(SolutionConfigurationPlatforms) = preSolution
		Debug|Any CPU = Debug|Any CPU
		Release|Any CPU = Release|Any CPU
	EndGlobalSection
	GlobalSection(ProjectConfigurationPlatforms) = postSolution
		{77F730F9-BD3D-4D81-90FA-0972D59D3829}.Debug|Any CPU.ActiveCfg = Debug|Any CPU
		{77F730F9-BD3D-4D81-90FA-0972D59D3829}.Debug|Any CPU.Build.0 = Debug|Any CPU
		{77F730F9-BD3D-4D81-90FA-0972D59D3829}.Release|Any CPU.ActiveCfg = Release|Any CPU
		{77F730F9-BD3D-4D81-90FA-0972D59D3829}.Release|Any CPU.Build.0 = Release|Any CPU
	EndGlobalSection
	GlobalSection(SolutionProperties) = preSolution
		HideSolutionNode = FALSE
	EndGlobalSection
	GlobalSection(ExtensibilityGlobals) = postSolution
		SolutionGuid = {B16B862D-EBE0-4E04-AC64-F122635D1150}
	EndGlobalSection
EndGlobal
