
Microsoft Visual Studio Solution File, Format Version 12.00
# Visual Studio Version 17
VisualStudioVersion = 17.11.35303.130
MinimumVisualStudioVersion = 10.0.40219.1
Project("{FAE04EC0-301F-11D3-BF4B-00C04F79EFBC}") = "10.3new", "10.3new\10.3new.csproj", "{382E868C-F265-42B7-B904-B8894A7B5CF5}"
EndProject
Global
	GlobalSection(SolutionConfigurationPlatforms) = preSolution
		Debug|Any CPU = Debug|Any CPU
		Release|Any CPU = Release|Any CPU
	EndGlobalSection
	GlobalSection(ProjectConfigurationPlatforms) = postSolution
		{382E868C-F265-42B7-B904-B8894A7B5CF5}.Debug|Any CPU.ActiveCfg = Debug|Any CPU
		{382E868C-F265-42B7-B904-B8894A7B5CF5}.Debug|Any CPU.Build.0 = Debug|Any CPU
		{382E868C-F265-42B7-B904-B8894A7B5CF5}.Release|Any CPU.ActiveCfg = Release|Any CPU
		{382E868C-F265-42B7-B904-B8894A7B5CF5}.Release|Any CPU.Build.0 = Release|Any CPU
	EndGlobalSection
	GlobalSection(SolutionProperties) = preSolution
		HideSolutionNode = FALSE
	EndGlobalSection
	GlobalSection(ExtensibilityGlobals) = postSolution
		SolutionGuid = {9343FBDB-42AE-4B6F-ACBB-2A75B165B14D}
	EndGlobalSection
EndGlobal
