
Microsoft Visual Studio Solution File, Format Version 12.00
# Visual Studio Version 17
VisualStudioVersion = 17.11.35303.130
MinimumVisualStudioVersion = 10.0.40219.1
Project("{FAE04EC0-301F-11D3-BF4B-00C04F79EFBC}") = "10.5new", "10.5new\10.5new.csproj", "{60A65D19-46C2-469C-A1AE-A2D37AB448AB}"
EndProject
Global
	GlobalSection(SolutionConfigurationPlatforms) = preSolution
		Debug|Any CPU = Debug|Any CPU
		Release|Any CPU = Release|Any CPU
	EndGlobalSection
	GlobalSection(ProjectConfigurationPlatforms) = postSolution
		{60A65D19-46C2-469C-A1AE-A2D37AB448AB}.Debug|Any CPU.ActiveCfg = Debug|Any CPU
		{60A65D19-46C2-469C-A1AE-A2D37AB448AB}.Debug|Any CPU.Build.0 = Debug|Any CPU
		{60A65D19-46C2-469C-A1AE-A2D37AB448AB}.Release|Any CPU.ActiveCfg = Release|Any CPU
		{60A65D19-46C2-469C-A1AE-A2D37AB448AB}.Release|Any CPU.Build.0 = Release|Any CPU
	EndGlobalSection
	GlobalSection(SolutionProperties) = preSolution
		HideSolutionNode = FALSE
	EndGlobalSection
	GlobalSection(ExtensibilityGlobals) = postSolution
		SolutionGuid = {F27B3150-EA24-4A9C-BE41-33FBD182F5A2}
	EndGlobalSection
EndGlobal
