
Microsoft Visual Studio Solution File, Format Version 12.00
# Visual Studio Version 17
VisualStudioVersion = 17.11.35303.130
MinimumVisualStudioVersion = 10.0.40219.1
Project("{FAE04EC0-301F-11D3-BF4B-00C04F79EFBC}") = "Task04", "Task04\Task04.csproj", "{CB6AEA43-7B45-4A1E-934F-18D252044745}"
EndProject
Global
	GlobalSection(SolutionConfigurationPlatforms) = preSolution
		Debug|Any CPU = Debug|Any CPU
		Release|Any CPU = Release|Any CPU
	EndGlobalSection
	GlobalSection(ProjectConfigurationPlatforms) = postSolution
		{CB6AEA43-7B45-4A1E-934F-18D252044745}.Debug|Any CPU.ActiveCfg = Debug|Any CPU
		{CB6AEA43-7B45-4A1E-934F-18D252044745}.Debug|Any CPU.Build.0 = Debug|Any CPU
		{CB6AEA43-7B45-4A1E-934F-18D252044745}.Release|Any CPU.ActiveCfg = Release|Any CPU
		{CB6AEA43-7B45-4A1E-934F-18D252044745}.Release|Any CPU.Build.0 = Release|Any CPU
	EndGlobalSection
	GlobalSection(SolutionProperties) = preSolution
		HideSolutionNode = FALSE
	EndGlobalSection
	GlobalSection(ExtensibilityGlobals) = postSolution
		SolutionGuid = {1F237F16-C70E-42D7-9737-9360AB57819A}
	EndGlobalSection
EndGlobal
